
Microsoft Visual Studio Solution File, Format Version 11.00
# Visual Studio 2010
Project("{FAE04EC0-301F-11D3-BF4B-00C04F79EFBC}") = "Assembly-CSharp", "Assembly-CSharp.csproj", "{1b9064b5-2a8e-0fea-efc3-4ca33c88025c}"
EndProject
Project("{FAE04EC0-301F-11D3-BF4B-00C04F79EFBC}") = "Assembly-CSharp-Editor", "Assembly-CSharp-Editor.csproj", "{6d3724d5-0204-d365-8cac-6552613a3c0e}"
EndProject
Global
	GlobalSection(SolutionConfigurationPlatforms) = preSolution
		Debug|Any CPU = Debug|Any CPU
	EndGlobalSection
	GlobalSection(ProjectConfigurationPlatforms) = postSolution
		{1b9064b5-2a8e-0fea-efc3-4ca33c88025c}.Debug|Any CPU.ActiveCfg = Debug|Any CPU
		{1b9064b5-2a8e-0fea-efc3-4ca33c88025c}.Debug|Any CPU.Build.0 = Debug|Any CPU
		{6d3724d5-0204-d365-8cac-6552613a3c0e}.Debug|Any CPU.ActiveCfg = Debug|Any CPU
		{6d3724d5-0204-d365-8cac-6552613a3c0e}.Debug|Any CPU.Build.0 = Debug|Any CPU
	EndGlobalSection
	GlobalSection(SolutionProperties) = preSolution
		HideSolutionNode = FALSE
	EndGlobalSection
EndGlobal
